
Microsoft Visual Studio Solution File, Format Version 12.00
# Visual Studio Version 16
VisualStudioVersion = 16.0.32126.315
MinimumVisualStudioVersion = 10.0.40219.1
Project("{8BC9CEB8-8B4A-11D0-8D11-00A0C91BC942}") = "Segment_length", "Segment_length\Segment_length.vcxproj", "{A4827BD6-EA33-4E1B-9FE9-50290BA25F2F}"
EndProject
Global
	GlobalSection(SolutionConfigurationPlatforms) = preSolution
		Debug|x64 = Debug|x64
		Debug|x86 = Debug|x86
		Release|x64 = Release|x64
		Release|x86 = Release|x86
	EndGlobalSection
	GlobalSection(ProjectConfigurationPlatforms) = postSolution
		{A4827BD6-EA33-4E1B-9FE9-50290BA25F2F}.Debug|x64.ActiveCfg = Debug|x64
		{A4827BD6-EA33-4E1B-9FE9-50290BA25F2F}.Debug|x64.Build.0 = Debug|x64
		{A4827BD6-EA33-4E1B-9FE9-50290BA25F2F}.Debug|x86.ActiveCfg = Debug|Win32
		{A4827BD6-EA33-4E1B-9FE9-50290BA25F2F}.Debug|x86.Build.0 = Debug|Win32
		{A4827BD6-EA33-4E1B-9FE9-50290BA25F2F}.Release|x64.ActiveCfg = Release|x64
		{A4827BD6-EA33-4E1B-9FE9-50290BA25F2F}.Release|x64.Build.0 = Release|x64
		{A4827BD6-EA33-4E1B-9FE9-50290BA25F2F}.Release|x86.ActiveCfg = Release|Win32
		{A4827BD6-EA33-4E1B-9FE9-50290BA25F2F}.Release|x86.Build.0 = Release|Win32
	EndGlobalSection
	GlobalSection(SolutionProperties) = preSolution
		HideSolutionNode = FALSE
	EndGlobalSection
	GlobalSection(ExtensibilityGlobals) = postSolution
		SolutionGuid = {9DC1585C-FCB1-4F17-B393-2C7C6A44ADAF}
	EndGlobalSection
EndGlobal
